// !$*UTF8*$!
{
	archiveVersion = 1;
	classes = {
	};
	objectVersion = 50;
	objects = {

/* Begin PBXBuildFile section */
		7F9AD674254C3035009D6989 /* AppDelegate.swift in Sources */ = {isa = PBXBuildFile; fileRef = 7F9AD673254C3035009D6989 /* AppDelegate.swift */; };
		7F9AD676254C3035009D6989 /* SceneDelegate.swift in Sources */ = {isa = PBXBuildFile; fileRef = 7F9AD675254C3035009D6989 /* SceneDelegate.swift */; };
		7F9AD678254C3035009D6989 /* ViewController.swift in Sources */ = {isa = PBXBuildFile; fileRef = 7F9AD677254C3035009D6989 /* ViewController.swift */; };
		7F9AD67B254C3035009D6989 /* Main.storyboard in Resources */ = {isa = PBXBuildFile; fileRef = 7F9AD679254C3035009D6989 /* Main.storyboard */; };
		7F9AD67D254C303B009D6989 /* Assets.xcassets in Resources */ = {isa = PBXBuildFile; fileRef = 7F9AD67C254C303B009D6989 /* Assets.xcassets */; };
		7F9AD680254C303B009D6989 /* LaunchScreen.storyboard in Resources */ = {isa = PBXBuildFile; fileRef = 7F9AD67E254C303B009D6989 /* LaunchScreen.storyboard */; };
		7F9AD68B254C303B009D6989 /* JuegoCartasTests.swift in Sources */ = {isa = PBXBuildFile; fileRef = 7F9AD68A254C303B009D6989 /* JuegoCartasTests.swift */; };
		7F9AD696254C303B009D6989 /* JuegoCartasUITests.swift in Sources */ = {isa = PBXBuildFile; fileRef = 7F9AD695254C303B009D6989 /* JuegoCartasUITests.swift */; };
		7F9AD6A4254C364A009D6989 /* CardViewController.swift in Sources */ = {isa = PBXBuildFile; fileRef = 7F9AD6A3254C364A009D6989 /* CardViewController.swift */; };
/* End PBXBuildFile section */

/* Begin PBXContainerItemProxy section */
		7F9AD687254C303B009D6989 /* PBXContainerItemProxy */ = {
			isa = PBXContainerItemProxy;
			containerPortal = 7F9AD668254C3035009D6989 /* Project object */;
			proxyType = 1;
			remoteGlobalIDString = 7F9AD66F254C3035009D6989;
			remoteInfo = JuegoCartas;
		};
		7F9AD692254C303B009D6989 /* PBXContainerItemProxy */ = {
			isa = PBXContainerItemProxy;
			containerPortal = 7F9AD668254C3035009D6989 /* Project object */;
			proxyType = 1;
			remoteGlobalIDString = 7F9AD66F254C3035009D6989;
			remoteInfo = JuegoCartas;
		};
/* End PBXContainerItemProxy section */

/* Begin PBXFileReference section */
		7F9AD670254C3035009D6989 /* JuegoCartas.app */ = {isa = PBXFileReference; explicitFileType = wrapper.application; includeInIndex = 0; path = JuegoCartas.app; sourceTree = BUILT_PRODUCTS_DIR; };
		7F9AD673254C3035009D6989 /* AppDelegate.swift */ = {isa = PBXFileReference; lastKnownFileType = sourcecode.swift; path = AppDelegate.swift; sourceTree = "<group>"; };
		7F9AD675254C3035009D6989 /* SceneDelegate.swift */ = {isa = PBXFileReference; lastKnownFileType = sourcecode.swift; path = SceneDelegate.swift; sourceTree = "<group>"; };
		7F9AD677254C3035009D6989 /* ViewController.swift */ = {isa = PBXFileReference; lastKnownFileType = sourcecode.swift; path = ViewController.swift; sourceTree = "<group>"; };
		7F9AD67A254C3035009D6989 /* Base */ = {isa = PBXFileReference; lastKnownFileType = file.storyboard; name = Base; path = Base.lproj/Main.storyboard; sourceTree = "<group>"; };
		7F9AD67C254C303B009D6989 /* Assets.xcassets */ = {isa = PBXFileReference; lastKnownFileType = folder.assetcatalog; path = Assets.xcassets; sourceTree = "<group>"; };
		7F9AD67F254C303B009D6989 /* Base */ = {isa = PBXFileReference; lastKnownFileType = file.storyboard; name = Base; path = Base.lproj/LaunchScreen.storyboard; sourceTree = "<group>"; };
		7F9AD681254C303B009D6989 /* Info.plist */ = {isa = PBXFileReference; lastKnownFileType = text.plist.xml; path = Info.plist; sourceTree = "<group>"; };
		7F9AD686254C303B009D6989 /* JuegoCartasTests.xctest */ = {isa = PBXFileReference; explicitFileType = wrapper.cfbundle; includeInIndex = 0; path = JuegoCartasTests.xctest; sourceTree = BUILT_PRODUCTS_DIR; };
		7F9AD68A254C303B009D6989 /* JuegoCartasTests.swift */ = {isa = PBXFileReference; lastKnownFileType = sourcecode.swift; path = JuegoCartasTests.swift; sourceTree = "<group>"; };
		7F9AD68C254C303B009D6989 /* Info.plist */ = {isa = PBXFileReference; lastKnownFileType = text.plist.xml; path = Info.plist; sourceTree = "<group>"; };
		7F9AD691254C303B009D6989 /* JuegoCartasUITests.xctest */ = {isa = PBXFileReference; explicitFileType = wrapper.cfbundle; includeInIndex = 0; path = JuegoCartasUITests.xctest; sourceTree = BUILT_PRODUCTS_DIR; };
		7F9AD695254C303B009D6989 /* JuegoCartasUITests.swift */ = {isa = PBXFileReference; lastKnownFileType = sourcecode.swift; path = JuegoCartasUITests.swift; sourceTree = "<group>"; };
		7F9AD697254C303B009D6989 /* Info.plist */ = {isa = PBXFileReference; lastKnownFileType = text.plist.xml; path = Info.plist; sourceTree = "<group>"; };
		7F9AD6A3254C364A009D6989 /* CardViewController.swift */ = {isa = PBXFileReference; lastKnownFileType = sourcecode.swift; path = CardViewController.swift; sourceTree = "<group>"; };
/* End PBXFileReference section */

/* Begin PBXFrameworksBuildPhase section */
		7F9AD66D254C3035009D6989 /* Frameworks */ = {
			isa = PBXFrameworksBuildPhase;
			buildActionMask = 2147483647;
			files = (
			);
			runOnlyForDeploymentPostprocessing = 0;
		};
		7F9AD683254C303B009D6989 /* Frameworks */ = {
			isa = PBXFrameworksBuildPhase;
			buildActionMask = 2147483647;
			files = (
			);
			runOnlyForDeploymentPostprocessing = 0;
		};
		7F9AD68E254C303B009D6989 /* Frameworks */ = {
			isa = PBXFrameworksBuildPhase;
			buildActionMask = 2147483647;
			files = (
			);
			runOnlyForDeploymentPostprocessing = 0;
		};
/* End PBXFrameworksBuildPhase section */

/* Begin PBXGroup section */
		7F9AD667254C3035009D6989 = {
			isa = PBXGroup;
			children = (
				7F9AD672254C3035009D6989 /* JuegoCartas */,
				7F9AD689254C303B009D6989 /* JuegoCartasTests */,
				7F9AD694254C303B009D6989 /* JuegoCartasUITests */,
				7F9AD671254C3035009D6989 /* Products */,
			);
			sourceTree = "<group>";
		};
		7F9AD671254C3035009D6989 /* Products */ = {
			isa = PBXGroup;
			children = (
				7F9AD670254C3035009D6989 /* JuegoCartas.app */,
				7F9AD686254C303B009D6989 /* JuegoCartasTests.xctest */,
				7F9AD691254C303B009D6989 /* JuegoCartasUITests.xctest */,
			);
			name = Products;
			sourceTree = "<group>";
		};
		7F9AD672254C3035009D6989 /* JuegoCartas */ = {
			isa = PBXGroup;
			children = (
				7F9AD673254C3035009D6989 /* AppDelegate.swift */,
				7F9AD675254C3035009D6989 /* SceneDelegate.swift */,
				7F9AD677254C3035009D6989 /* ViewController.swift */,
				7F9AD679254C3035009D6989 /* Main.storyboard */,
				7F9AD67C254C303B009D6989 /* Assets.xcassets */,
				7F9AD67E254C303B009D6989 /* LaunchScreen.storyboard */,
				7F9AD681254C303B009D6989 /* Info.plist */,
				7F9AD6A3254C364A009D6989 /* CardViewController.swift */,
			);
			path = JuegoCartas;
			sourceTree = "<group>";
		};
		7F9AD689254C303B009D6989 /* JuegoCartasTests */ = {
			isa = PBXGroup;
			children = (
				7F9AD68A254C303B009D6989 /* JuegoCartasTests.swift */,
				7F9AD68C254C303B009D6989 /* Info.plist */,
			);
			path = JuegoCartasTests;
			sourceTree = "<group>";
		};
		7F9AD694254C303B009D6989 /* JuegoCartasUITests */ = {
			isa = PBXGroup;
			children = (
				7F9AD695254C303B009D6989 /* JuegoCartasUITests.swift */,
				7F9AD697254C303B009D6989 /* Info.plist */,
			);
			path = JuegoCartasUITests;
			sourceTree = "<group>";
		};
/* End PBXGroup section */

/* Begin PBXNativeTarget section */
		7F9AD66F254C3035009D6989 /* JuegoCartas */ = {
			isa = PBXNativeTarget;
			buildConfigurationList = 7F9AD69A254C303B009D6989 /* Build configuration list for PBXNativeTarget "JuegoCartas" */;
			buildPhases = (
				7F9AD66C254C3035009D6989 /* Sources */,
				7F9AD66D254C3035009D6989 /* Frameworks */,
				7F9AD66E254C3035009D6989 /* Resources */,
			);
			buildRules = (
			);
			dependencies = (
			);
			name = JuegoCartas;
			productName = JuegoCartas;
			productReference = 7F9AD670254C3035009D6989 /* JuegoCartas.app */;
			productType = "com.apple.product-type.application";
		};
		7F9AD685254C303B009D6989 /* JuegoCartasTests */ = {
			isa = PBXNativeTarget;
			buildConfigurationList = 7F9AD69D254C303B009D6989 /* Build configuration list for PBXNativeTarget "JuegoCartasTests" */;
			buildPhases = (
				7F9AD682254C303B009D6989 /* Sources */,
				7F9AD683254C303B009D6989 /* Frameworks */,
				7F9AD684254C303B009D6989 /* Resources */,
			);
			buildRules = (
			);
			dependencies = (
				7F9AD688254C303B009D6989 /* PBXTargetDependency */,
			);
			name = JuegoCartasTests;
			productName = JuegoCartasTests;
			productReference = 7F9AD686254C303B009D6989 /* JuegoCartasTests.xctest */;
			productType = "com.apple.product-type.bundle.unit-test";
		};
		7F9AD690254C303B009D6989 /* JuegoCartasUITests */ = {
			isa = PBXNativeTarget;
			buildConfigurationList = 7F9AD6A0254C303B009D6989 /* Build configuration list for PBXNativeTarget "JuegoCartasUITests" */;
			buildPhases = (
				7F9AD68D254C303B009D6989 /* Sources */,
				7F9AD68E254C303B009D6989 /* Frameworks */,
				7F9AD68F254C303B009D6989 /* Resources */,
			);
			buildRules = (
			);
			dependencies = (
				7F9AD693254C303B009D6989 /* PBXTargetDependency */,
			);
			name = JuegoCartasUITests;
			productName = JuegoCartasUITests;
			productReference = 7F9AD691254C303B009D6989 /* JuegoCartasUITests.xctest */;
			productType = "com.apple.product-type.bundle.ui-testing";
		};
/* End PBXNativeTarget section */

/* Begin PBXProject section */
		7F9AD668254C3035009D6989 /* Project object */ = {
			isa = PBXProject;
			attributes = {
				LastSwiftUpdateCheck = 1170;
				LastUpgradeCheck = 1170;
				ORGANIZATIONNAME = alumnos;
				TargetAttributes = {
					7F9AD66F254C3035009D6989 = {
						CreatedOnToolsVersion = 11.7;
					};
					7F9AD685254C303B009D6989 = {
						CreatedOnToolsVersion = 11.7;
						TestTargetID = 7F9AD66F254C3035009D6989;
					};
					7F9AD690254C303B009D6989 = {
						CreatedOnToolsVersion = 11.7;
						TestTargetID = 7F9AD66F254C3035009D6989;
					};
				};
			};
			buildConfigurationList = 7F9AD66B254C3035009D6989 /* Build configuration list for PBXProject "JuegoCartas" */;
			compatibilityVersion = "Xcode 9.3";
			developmentRegion = en;
			hasScannedForEncodings = 0;
			knownRegions = (
				en,
				Base,
			);
			mainGroup = 7F9AD667254C3035009D6989;
			productRefGroup = 7F9AD671254C3035009D6989 /* Products */;
			projectDirPath = "";
			projectRoot = "";
			targets = (
				7F9AD66F254C3035009D6989 /* JuegoCartas */,
				7F9AD685254C303B009D6989 /* JuegoCartasTests */,
				7F9AD690254C303B009D6989 /* JuegoCartasUITests */,
			);
		};
/* End PBXProject section */

/* Begin PBXResourcesBuildPhase section */
		7F9AD66E254C3035009D6989 /* Resources */ = {
			isa = PBXResourcesBuildPhase;
			buildActionMask = 2147483647;
			files = (
				7F9AD680254C303B009D6989 /* LaunchScreen.storyboard in Resources */,
				7F9AD67D254C303B009D6989 /* Assets.xcassets in Resources */,
				7F9AD67B254C3035009D6989 /* Main.storyboard in Resources */,
			);
			runOnlyForDeploymentPostprocessing = 0;
		};
		7F9AD684254C303B009D6989 /* Resources */ = {
			isa = PBXResourcesBuildPhase;
			buildActionMask = 2147483647;
			files = (
			);
			runOnlyForDeploymentPostprocessing = 0;
		};
		7F9AD68F254C303B009D6989 /* Resources */ = {
			isa = PBXResourcesBuildPhase;
			buildActionMask = 2147483647;
			files = (
			);
			runOnlyForDeploymentPostprocessing = 0;
		};
/* End PBXResourcesBuildPhase section */

/* Begin PBXSourcesBuildPhase section */
		7F9AD66C254C3035009D6989 /* Sources */ = {
			isa = PBXSourcesBuildPhase;
			buildActionMask = 2147483647;
			files = (
				7F9AD6A4254C364A009D6989 /* CardViewController.swift in Sources */,
				7F9AD678254C3035009D6989 /* ViewController.swift in Sources */,
				7F9AD674254C3035009D6989 /* AppDelegate.swift in Sources */,
				7F9AD676254C3035009D6989 /* SceneDelegate.swift in Sources */,
			);
			runOnlyForDeploymentPostprocessing = 0;
		};
		7F9AD682254C303B009D6989 /* Sources */ = {
			isa = PBXSourcesBuildPhase;
			buildActionMask = 2147483647;
			files = (
				7F9AD68B254C303B009D6989 /* JuegoCartasTests.swift in Sources */,
			);
			runOnlyForDeploymentPostprocessing = 0;
		};
		7F9AD68D254C303B009D6989 /* Sources */ = {
			isa = PBXSourcesBuildPhase;
			buildActionMask = 2147483647;
			files = (
				7F9AD696254C303B009D6989 /* JuegoCartasUITests.swift in Sources */,
			);
			runOnlyForDeploymentPostprocessing = 0;
		};
/* End PBXSourcesBuildPhase section */

/* Begin PBXTargetDependency section */
		7F9AD688254C303B009D6989 /* PBXTargetDependency */ = {
			isa = PBXTargetDependency;
			target = 7F9AD66F254C3035009D6989 /* JuegoCartas */;
			targetProxy = 7F9AD687254C303B009D6989 /* PBXContainerItemProxy */;
		};
		7F9AD693254C303B009D6989 /* PBXTargetDependency */ = {
			isa = PBXTargetDependency;
			target = 7F9AD66F254C3035009D6989 /* JuegoCartas */;
			targetProxy = 7F9AD692254C303B009D6989 /* PBXContainerItemProxy */;
		};
/* End PBXTargetDependency section */

/* Begin PBXVariantGroup section */
		7F9AD679254C3035009D6989 /* Main.storyboard */ = {
			isa = PBXVariantGroup;
			children = (
				7F9AD67A254C3035009D6989 /* Base */,
			);
			name = Main.storyboard;
			sourceTree = "<group>";
		};
		7F9AD67E254C303B009D6989 /* LaunchScreen.storyboard */ = {
			isa = PBXVariantGroup;
			children = (
				7F9AD67F254C303B009D6989 /* Base */,
			);
			name = LaunchScreen.storyboard;
			sourceTree = "<group>";
		};
/* End PBXVariantGroup section */

/* Begin XCBuildConfiguration section */
		7F9AD698254C303B009D6989 /* Debug */ = {
			isa = XCBuildConfiguration;
			buildSettings = {
				ALWAYS_SEARCH_USER_PATHS = NO;
				CLANG_ANALYZER_NONNULL = YES;
				CLANG_ANALYZER_NUMBER_OBJECT_CONVERSION = YES_AGGRESSIVE;
				CLANG_CXX_LANGUAGE_STANDARD = "gnu++14";
				CLANG_CXX_LIBRARY = "libc++";
				CLANG_ENABLE_MODULES = YES;
				CLANG_ENABLE_OBJC_ARC = YES;
				CLANG_ENABLE_OBJC_WEAK = YES;
				CLANG_WARN_BLOCK_CAPTURE_AUTORELEASING = YES;
				CLANG_WARN_BOOL_CONVERSION = YES;
				CLANG_WARN_COMMA = YES;
				CLANG_WARN_CONSTANT_CONVERSION = YES;
				CLANG_WARN_DEPRECATED_OBJC_IMPLEMENTATIONS = YES;
				CLANG_WARN_DIRECT_OBJC_ISA_USAGE = YES_ERROR;
				CLANG_WARN_DOCUMENTATION_COMMENTS = YES;
				CLANG_WARN_EMPTY_BODY = YES;
				CLANG_WARN_ENUM_CONVERSION = YES;
				CLANG_WARN_INFINITE_RECURSION = YES;
				CLANG_WARN_INT_CONVERSION = YES;
				CLANG_WARN_NON_LITERAL_NULL_CONVERSION = YES;
				CLANG_WARN_OBJC_IMPLICIT_RETAIN_SELF = YES;
				CLANG_WARN_OBJC_LITERAL_CONVERSION = YES;
				CLANG_WARN_OBJC_ROOT_CLASS = YES_ERROR;
				CLANG_WARN_RANGE_LOOP_ANALYSIS = YES;
				CLANG_WARN_STRICT_PROTOTYPES = YES;
				CLANG_WARN_SUSPICIOUS_MOVE = YES;
				CLANG_WARN_UNGUARDED_AVAILABILITY = YES_AGGRESSIVE;
				CLANG_WARN_UNREACHABLE_CODE = YES;
				CLANG_WARN__DUPLICATE_METHOD_MATCH = YES;
				COPY_PHASE_STRIP = NO;
				DEBUG_INFORMATION_FORMAT = dwarf;
				ENABLE_STRICT_OBJC_MSGSEND = YES;
				ENABLE_TESTABILITY = YES;
				GCC_C_LANGUAGE_STANDARD = gnu11;
				GCC_DYNAMIC_NO_PIC = NO;
				GCC_NO_COMMON_BLOCKS = YES;
				GCC_OPTIMIZATION_LEVEL = 0;
				GCC_PREPROCESSOR_DEFINITIONS = (
					"DEBUG=1",
					"$(inherited)",
				);
				GCC_WARN_64_TO_32_BIT_CONVERSION = YES;
				GCC_WARN_ABOUT_RETURN_TYPE = YES_ERROR;
				GCC_WARN_UNDECLARED_SELECTOR = YES;
				GCC_WARN_UNINITIALIZED_AUTOS = YES_AGGRESSIVE;
				GCC_WARN_UNUSED_FUNCTION = YES;
				GCC_WARN_UNUSED_VARIABLE = YES;
				IPHONEOS_DEPLOYMENT_TARGET = 13.7;
				MTL_ENABLE_DEBUG_INFO = INCLUDE_SOURCE;
				MTL_FAST_MATH = YES;
				ONLY_ACTIVE_ARCH = YES;
				SDKROOT = iphoneos;
				SWIFT_ACTIVE_COMPILATION_CONDITIONS = DEBUG;
				SWIFT_OPTIMIZATION_LEVEL = "-Onone";
			};
			name = Debug;
		};
		7F9AD699254C303B009D6989 /* Release */ = {
			isa = XCBuildConfiguration;
			buildSettings = {
				ALWAYS_SEARCH_USER_PATHS = NO;
				CLANG_ANALYZER_NONNULL = YES;
				CLANG_ANALYZER_NUMBER_OBJECT_CONVERSION = YES_AGGRESSIVE;
				CLANG_CXX_LANGUAGE_STANDARD = "gnu++14";
				CLANG_CXX_LIBRARY = "libc++";
				CLANG_ENABLE_MODULES = YES;
				CLANG_ENABLE_OBJC_ARC = YES;
				CLANG_ENABLE_OBJC_WEAK = YES;
				CLANG_WARN_BLOCK_CAPTURE_AUTORELEASING = YES;
				CLANG_WARN_BOOL_CONVERSION = YES;
				CLANG_WARN_COMMA = YES;
				CLANG_WARN_CONSTANT_CONVERSION = YES;
				CLANG_WARN_DEPRECATED_OBJC_IMPLEMENTATIONS = YES;
				CLANG_WARN_DIRECT_OBJC_ISA_USAGE = YES_ERROR;
				CLANG_WARN_DOCUMENTATION_COMMENTS = YES;
				CLANG_WARN_EMPTY_BODY = YES;
				CLANG_WARN_ENUM_CONVERSION = YES;
				CLANG_WARN_INFINITE_RECURSION = YES;
				CLANG_WARN_INT_CONVERSION = YES;
				CLANG_WARN_NON_LITERAL_NULL_CONVERSION = YES;
				CLANG_WARN_OBJC_IMPLICIT_RETAIN_SELF = YES;
				CLANG_WARN_OBJC_LITERAL_CONVERSION = YES;
				CLANG_WARN_OBJC_ROOT_CLASS = YES_ERROR;
				CLANG_WARN_RANGE_LOOP_ANALYSIS = YES;
				CLANG_WARN_STRICT_PROTOTYPES = YES;
				CLANG_WARN_SUSPICIOUS_MOVE = YES;
				CLANG_WARN_UNGUARDED_AVAILABILITY = YES_AGGRESSIVE;
				CLANG_WARN_UNREACHABLE_CODE = YES;
				CLANG_WARN__DUPLICATE_METHOD_MATCH = YES;
				COPY_PHASE_STRIP = NO;
				DEBUG_INFORMATION_FORMAT = "dwarf-with-dsym";
				ENABLE_NS_ASSERTIONS = NO;
				ENABLE_STRICT_OBJC_MSGSEND = YES;
				GCC_C_LANGUAGE_STANDARD = gnu11;
				GCC_NO_COMMON_BLOCKS = YES;
				GCC_WARN_64_TO_32_BIT_CONVERSION = YES;
				GCC_WARN_ABOUT_RETURN_TYPE = YES_ERROR;
				GCC_WARN_UNDECLARED_SELECTOR = YES;
				GCC_WARN_UNINITIALIZED_AUTOS = YES_AGGRESSIVE;
				GCC_WARN_UNUSED_FUNCTION = YES;
				GCC_WARN_UNUSED_VARIABLE = YES;
				IPHONEOS_DEPLOYMENT_TARGET = 13.7;
				MTL_ENABLE_DEBUG_INFO = NO;
				MTL_FAST_MATH = YES;
				SDKROOT = iphoneos;
				SWIFT_COMPILATION_MODE = wholemodule;
				SWIFT_OPTIMIZATION_LEVEL = "-O";
				VALIDATE_PRODUCT = YES;
			};
			name = Release;
		};
		7F9AD69B254C303B009D6989 /* Debug */ = {
			isa = XCBuildConfiguration;
			buildSettings = {
				ASSETCATALOG_COMPILER_APPICON_NAME = AppIcon;
				CODE_SIGN_STYLE = Automatic;
				INFOPLIST_FILE = JuegoCartas/Info.plist;
				LD_RUNPATH_SEARCH_PATHS = (
					"$(inherited)",
					"@executable_path/Frameworks",
				);
				PRODUCT_BUNDLE_IDENTIFIER = cev.JuegoCartas;
				PRODUCT_NAME = "$(TARGET_NAME)";
				SWIFT_VERSION = 5.0;
				TARGETED_DEVICE_FAMILY = "1,2";
			};
			name = Debug;
		};
		7F9AD69C254C303B009D6989 /* Release */ = {
			isa = XCBuildConfiguration;
			buildSettings = {
				ASSETCATALOG_COMPILER_APPICON_NAME = AppIcon;
				CODE_SIGN_STYLE = Automatic;
				INFOPLIST_FILE = JuegoCartas/Info.plist;
				LD_RUNPATH_SEARCH_PATHS = (
					"$(inherited)",
					"@executable_path/Frameworks",
				);
				PRODUCT_BUNDLE_IDENTIFIER = cev.JuegoCartas;
				PRODUCT_NAME = "$(TARGET_NAME)";
				SWIFT_VERSION = 5.0;
				TARGETED_DEVICE_FAMILY = "1,2";
			};
			name = Release;
		};
		7F9AD69E254C303B009D6989 /* Debug */ = {
			isa = XCBuildConfiguration;
			buildSettings = {
				ALWAYS_EMBED_SWIFT_STANDARD_LIBRARIES = YES;
				BUNDLE_LOADER = "$(TEST_HOST)";
				CODE_SIGN_STYLE = Automatic;
				INFOPLIST_FILE = JuegoCartasTests/Info.plist;
				IPHONEOS_DEPLOYMENT_TARGET = 13.7;
				LD_RUNPATH_SEARCH_PATHS = (
					"$(inherited)",
					"@executable_path/Frameworks",
					"@loader_path/Frameworks",
				);
				PRODUCT_BUNDLE_IDENTIFIER = cev.JuegoCartasTests;
				PRODUCT_NAME = "$(TARGET_NAME)";
				SWIFT_VERSION = 5.0;
				TARGETED_DEVICE_FAMILY = "1,2";
				TEST_HOST = "$(BUILT_PRODUCTS_DIR)/JuegoCartas.app/JuegoCartas";
			};
			name = Debug;
		};
		7F9AD69F254C303B009D6989 /* Release */ = {
			isa = XCBuildConfiguration;
			buildSettings = {
				ALWAYS_EMBED_SWIFT_STANDARD_LIBRARIES = YES;
				BUNDLE_LOADER = "$(TEST_HOST)";
				CODE_SIGN_STYLE = Automatic;
				INFOPLIST_FILE = JuegoCartasTests/Info.plist;
				IPHONEOS_DEPLOYMENT_TARGET = 13.7;
				LD_RUNPATH_SEARCH_PATHS = (
					"$(inherited)",
					"@executable_path/Frameworks",
					"@loader_path/Frameworks",
				);
				PRODUCT_BUNDLE_IDENTIFIER = cev.JuegoCartasTests;
				PRODUCT_NAME = "$(TARGET_NAME)";
				SWIFT_VERSION = 5.0;
				TARGETED_DEVICE_FAMILY = "1,2";
				TEST_HOST = "$(BUILT_PRODUCTS_DIR)/JuegoCartas.app/JuegoCartas";
			};
			name = Release;
		};
		7F9AD6A1254C303B009D6989 /* Debug */ = {
			isa = XCBuildConfiguration;
			buildSettings = {
				ALWAYS_EMBED_SWIFT_STANDARD_LIBRARIES = YES;
				CODE_SIGN_STYLE = Automatic;
				INFOPLIST_FILE = JuegoCartasUITests/Info.plist;
				LD_RUNPATH_SEARCH_PATHS = (
					"$(inherited)",
					"@executable_path/Frameworks",
					"@loader_path/Frameworks",
				);
				PRODUCT_BUNDLE_IDENTIFIER = cev.JuegoCartasUITests;
				PRODUCT_NAME = "$(TARGET_NAME)";
				SWIFT_VERSION = 5.0;
				TARGETED_DEVICE_FAMILY = "1,2";
				TEST_TARGET_NAME = JuegoCartas;
			};
			name = Debug;
		};
		7F9AD6A2254C303B009D6989 /* Release */ = {
			isa = XCBuildConfiguration;
			buildSettings = {
				ALWAYS_EMBED_SWIFT_STANDARD_LIBRARIES = YES;
				CODE_SIGN_STYLE = Automatic;
				INFOPLIST_FILE = JuegoCartasUITests/Info.plist;
				LD_RUNPATH_SEARCH_PATHS = (
					"$(inherited)",
					"@executable_path/Frameworks",
					"@loader_path/Frameworks",
				);
				PRODUCT_BUNDLE_IDENTIFIER = cev.JuegoCartasUITests;
				PRODUCT_NAME = "$(TARGET_NAME)";
				SWIFT_VERSION = 5.0;
				TARGETED_DEVICE_FAMILY = "1,2";
				TEST_TARGET_NAME = JuegoCartas;
			};
			name = Release;
		};
/* End XCBuildConfiguration section */

/* Begin XCConfigurationList section */
		7F9AD66B254C3035009D6989 /* Build configuration list for PBXProject "JuegoCartas" */ = {
			isa = XCConfigurationList;
			buildConfigurations = (
				7F9AD698254C303B009D6989 /* Debug */,
				7F9AD699254C303B009D6989 /* Release */,
			);
			defaultConfigurationIsVisible = 0;
			defaultConfigurationName = Release;
		};
		7F9AD69A254C303B009D6989 /* Build configuration list for PBXNativeTarget "JuegoCartas" */ = {
			isa = XCConfigurationList;
			buildConfigurations = (
				7F9AD69B254C303B009D6989 /* Debug */,
				7F9AD69C254C303B009D6989 /* Release */,
			);
			defaultConfigurationIsVisible = 0;
			defaultConfigurationName = Release;
		};
		7F9AD69D254C303B009D6989 /* Build configuration list for PBXNativeTarget "JuegoCartasTests" */ = {
			isa = XCConfigurationList;
			buildConfigurations = (
				7F9AD69E254C303B009D6989 /* Debug */,
				7F9AD69F254C303B009D6989 /* Release */,
			);
			defaultConfigurationIsVisible = 0;
			defaultConfigurationName = Release;
		};
		7F9AD6A0254C303B009D6989 /* Build configuration list for PBXNativeTarget "JuegoCartasUITests" */ = {
			isa = XCConfigurationList;
			buildConfigurations = (
				7F9AD6A1254C303B009D6989 /* Debug */,
				7F9AD6A2254C303B009D6989 /* Release */,
			);
			defaultConfigurationIsVisible = 0;
			defaultConfigurationName = Release;
		};
/* End XCConfigurationList section */
	};
	rootObject = 7F9AD668254C3035009D6989 /* Project object */;
}
